<Solution>
  <Configurations>
    <Platform Name="x64" />
    <Platform Name="x86" />
  </Configurations>
  <Project Path="../StudentApp/StudentApp.vcxproj" Id="b664cb9e-1794-4df1-8610-06bfb15ce0c4" />
  <Project Path="../StudentCoreTest/StudentCoreTest.vcxproj" Id="c165c27c-3bf1-4d34-aaa2-e3ac6da149d8" />
  <Project Path="../StudentDLL/StudentDLL.vcxproj" Id="2c294167-ffbf-45bc-86a9-5d9345ce4cf2" />
  <Project Path="StudentCore.vcxproj" Id="2821bff1-075e-4d42-97de-722224a55891" />
</Solution>
